
Microsoft Visual Studio Solution File, Format Version 11.00
# Visual Studio 2010
Project("{FAE04EC0-301F-11D3-BF4B-00C04F79EFBC}") = "VDEditor", "VDEditor\VDEditor.csproj", "{BDBE44C5-B8DF-46F2-9E45-90A701C2B16B}"
EndProject
Global
	GlobalSection(SolutionConfigurationPlatforms) = preSolution
		Debug|Any CPU = Debug|Any CPU
		Release|Any CPU = Release|Any CPU
	EndGlobalSection
	GlobalSection(ProjectConfigurationPlatforms) = postSolution
		{BDBE44C5-B8DF-46F2-9E45-90A701C2B16B}.Debug|Any CPU.ActiveCfg = Debug|Any CPU
		{BDBE44C5-B8DF-46F2-9E45-90A701C2B16B}.Debug|Any CPU.Build.0 = Debug|Any CPU
		{BDBE44C5-B8DF-46F2-9E45-90A701C2B16B}.Release|Any CPU.ActiveCfg = Release|Any CPU
		{BDBE44C5-B8DF-46F2-9E45-90A701C2B16B}.Release|Any CPU.Build.0 = Release|Any CPU
	EndGlobalSection
	GlobalSection(SolutionProperties) = preSolution
		HideSolutionNode = FALSE
	EndGlobalSection
EndGlobal
